
Microsoft Visual Studio Solution File, Format Version 12.00
# Visual Studio Version 16
VisualStudioVersion = 16.0.31624.102
MinimumVisualStudioVersion = 10.0.40219.1
Project("{FAE04EC0-301F-11D3-BF4B-00C04F79EFBC}") = "SharpEval", "src\SharpEval\SharpEval.csproj", "{C13DEDDF-A522-4015-BCE3-B725D447A704}"
EndProject
Project("{FAE04EC0-301F-11D3-BF4B-00C04F79EFBC}") = "SharpEval.Tests", "src\SharpEval.Tests\SharpEval.Tests.csproj", "{0E0ACF12-C831-467F-BD5C-6547E42BB627}"
EndProject
Global
	GlobalSection(SolutionConfigurationPlatforms) = preSolution
		Debug|Any CPU = Debug|Any CPU
		Release|Any CPU = Release|Any CPU
	EndGlobalSection
	GlobalSection(ProjectConfigurationPlatforms) = postSolution
		{C13DEDDF-A522-4015-BCE3-B725D447A704}.Debug|Any CPU.ActiveCfg = Debug|Any CPU
		{C13DEDDF-A522-4015-BCE3-B725D447A704}.Debug|Any CPU.Build.0 = Debug|Any CPU
		{C13DEDDF-A522-4015-BCE3-B725D447A704}.Release|Any CPU.ActiveCfg = Release|Any CPU
		{C13DEDDF-A522-4015-BCE3-B725D447A704}.Release|Any CPU.Build.0 = Release|Any CPU
		{0E0ACF12-C831-467F-BD5C-6547E42BB627}.Debug|Any CPU.ActiveCfg = Debug|Any CPU
		{0E0ACF12-C831-467F-BD5C-6547E42BB627}.Debug|Any CPU.Build.0 = Debug|Any CPU
		{0E0ACF12-C831-467F-BD5C-6547E42BB627}.Release|Any CPU.ActiveCfg = Release|Any CPU
		{0E0ACF12-C831-467F-BD5C-6547E42BB627}.Release|Any CPU.Build.0 = Release|Any CPU
	EndGlobalSection
	GlobalSection(SolutionProperties) = preSolution
		HideSolutionNode = FALSE
	EndGlobalSection
	GlobalSection(ExtensibilityGlobals) = postSolution
		SolutionGuid = {D8F787D1-4DAA-4D6F-8664-F450B6242AAC}
	EndGlobalSection
EndGlobal
